<?xml version="1.0" encoding="utf-8"?>
<Project ToolsVersion="4.0" xmlns="http://schemas.microsoft.com/developer/msbuild/2003">
  <ItemGroup>
    <ClInclude Include="EU4\Region.h">
      <Filter>EU4</Filter>
    </ClInclude>
    <ClInclude Include="EU4\RegionCollection.h">
      <Filter>EU4</Filter>
    </ClInclude>
    <ClInclude Include="Config.h" />
    <ClInclude Include="EU4\ProvinceIDCollection.h">
      <Filter>EU4</Filter>
    </ClInclude>
    <ClInclude Include="EU4\Province.h">
      <Filter>EU4</Filter>
    </ClInclude>
    <ClInclude Include="EU4\ProvinceCollection.h">
      <Filter>EU4</Filter>
    </ClInclude>
    <ClInclude Include="Mod.h" />
    <ClInclude Include="EU4\SupportedVersion.h">
      <Filter>EU4</Filter>
    </ClInclude>
    <ClInclude Include="ProtoCountry.h" />
    <ClInclude Include="ProtoCountryCollection.h" />
    <ClInclude Include="EU4\Country.h">
      <Filter>EU4</Filter>
    </ClInclude>
    <ClInclude Include="EU4\CountryCollection.h">
      <Filter>EU4</Filter>
    </ClInclude>
    <ClInclude Include="Utility\ByteStream.h">
      <Filter>Utility</Filter>
    </ClInclude>
    <ClInclude Include="Utility\FileUtilities.h">
      <Filter>Utility</Filter>
    </ClInclude>
    <ClInclude Include="Utility\Image.h">
      <Filter>Utility</Filter>
    </ClInclude>
    <ClInclude Include="Utility\Log.h">
      <Filter>Utility</Filter>
    </ClInclude>
    <ClInclude Include="Utility\StringUtilities.h">
      <Filter>Utility</Filter>
    </ClInclude>
    <ClInclude Include="Utility\Random.h">
      <Filter>Utility</Filter>
    </ClInclude>
    <ClInclude Include="TagProvinceNameMapping.h" />
    <ClInclude Include="Utility\SimpleYaml.h">
      <Filter>Utility</Filter>
    </ClInclude>
  </ItemGroup>
  <ItemGroup>
    <Filter Include="EU4">
      <UniqueIdentifier>{dc1a97a5-be43-440f-b43f-2f9b66c33347}</UniqueIdentifier>
    </Filter>
    <Filter Include="Utility">
      <UniqueIdentifier>{95e4270a-533e-4808-ac15-e7fa2d1b5e53}</UniqueIdentifier>
    </Filter>
  </ItemGroup>
  <ItemGroup>
    <ClCompile Include="EU4\Region.cpp">
      <Filter>EU4</Filter>
    </ClCompile>
    <ClCompile Include="EU4\RegionCollection.cpp">
      <Filter>EU4</Filter>
    </ClCompile>
    <ClCompile Include="SemiPlausible_Randomizer.cpp" />
    <ClCompile Include="Config.cpp" />
    <ClCompile Include="EU4\ProvinceIDCollection.cpp">
      <Filter>EU4</Filter>
    </ClCompile>
    <ClCompile Include="EU4\Province.cpp">
      <Filter>EU4</Filter>
    </ClCompile>
    <ClCompile Include="EU4\ProvinceCollection.cpp">
      <Filter>EU4</Filter>
    </ClCompile>
    <ClCompile Include="Mod.cpp" />
    <ClCompile Include="ProtoCountry.cpp" />
    <ClCompile Include="ProtoCountryCollection.cpp" />
    <ClCompile Include="EU4\Country.cpp">
      <Filter>EU4</Filter>
    </ClCompile>
    <ClCompile Include="EU4\CountryCollection.cpp">
      <Filter>EU4</Filter>
    </ClCompile>
    <ClCompile Include="Utility\FileUtilities.cpp">
      <Filter>Utility</Filter>
    </ClCompile>
    <ClCompile Include="Utility\Log.cpp">
      <Filter>Utility</Filter>
    </ClCompile>
    <ClCompile Include="Utility\StringUtilities.cpp">
      <Filter>Utility</Filter>
    </ClCompile>
    <ClCompile Include="TagProvinceNameMapping.cpp" />
    <ClCompile Include="Utility\SimpleYaml.cpp">
      <Filter>Utility</Filter>
    </ClCompile>
  </ItemGroup>
</Project>